
Microsoft Visual Studio Solution File, Format Version 12.00
# Visual Studio 15
VisualStudioVersion = 15.0.28307.421
MinimumVisualStudioVersion = 10.0.40219.1
Project("{FAE04EC0-301F-11D3-BF4B-00C04F79EFBC}") = "TareaFinal.Android", "TareaFinal\TareaFinal.Android\TareaFinal.Android.csproj", "{25EF6407-865E-4CD2-A5EA-EAD8ACBE94E4}"
EndProject
Project("{FAE04EC0-301F-11D3-BF4B-00C04F79EFBC}") = "TareaFinal.iOS", "TareaFinal\TareaFinal.iOS\TareaFinal.iOS.csproj", "{3F462284-EA05-4720-A5CC-88B94C2D221F}"
EndProject
Project("{9A19103F-16F7-4668-BE54-9A1E7A4F7556}") = "TareaFinal", "TareaFinal\TareaFinal\TareaFinal.csproj", "{2A15C026-5515-46DA-A3D2-B8C3CC64ED99}"
EndProject
Project("{FAE04EC0-301F-11D3-BF4B-00C04F79EFBC}") = "AppiTareaFinal", "AppiTareaFinal\AppiTareaFinal.csproj", "{B54C6235-BF53-4FB8-A4F9-3C051BA2D8DF}"
EndProject
Global
	GlobalSection(SolutionConfigurationPlatforms) = preSolution
		Ad-Hoc|Any CPU = Ad-Hoc|Any CPU
		Ad-Hoc|iPhone = Ad-Hoc|iPhone
		Ad-Hoc|iPhoneSimulator = Ad-Hoc|iPhoneSimulator
		AppStore|Any CPU = AppStore|Any CPU
		AppStore|iPhone = AppStore|iPhone
		AppStore|iPhoneSimulator = AppStore|iPhoneSimulator
		Debug|Any CPU = Debug|Any CPU
		Debug|iPhone = Debug|iPhone
		Debug|iPhoneSimulator = Debug|iPhoneSimulator
		Release|Any CPU = Release|Any CPU
		Release|iPhone = Release|iPhone
		Release|iPhoneSimulator = Release|iPhoneSimulator
	EndGlobalSection
	GlobalSection(ProjectConfigurationPlatforms) = postSolution
		{25EF6407-865E-4CD2-A5EA-EAD8ACBE94E4}.Ad-Hoc|Any CPU.ActiveCfg = Release|Any CPU
		{25EF6407-865E-4CD2-A5EA-EAD8ACBE94E4}.Ad-Hoc|Any CPU.Build.0 = Release|Any CPU
		{25EF6407-865E-4CD2-A5EA-EAD8ACBE94E4}.Ad-Hoc|Any CPU.Deploy.0 = Release|Any CPU
		{25EF6407-865E-4CD2-A5EA-EAD8ACBE94E4}.Ad-Hoc|iPhone.ActiveCfg = Release|Any CPU
		{25EF6407-865E-4CD2-A5EA-EAD8ACBE94E4}.Ad-Hoc|iPhone.Build.0 = Release|Any CPU
		{25EF6407-865E-4CD2-A5EA-EAD8ACBE94E4}.Ad-Hoc|iPhone.Deploy.0 = Release|Any CPU
		{25EF6407-865E-4CD2-A5EA-EAD8ACBE94E4}.Ad-Hoc|iPhoneSimulator.ActiveCfg = Release|Any CPU
		{25EF6407-865E-4CD2-A5EA-EAD8ACBE94E4}.Ad-Hoc|iPhoneSimulator.Build.0 = Release|Any CPU
		{25EF6407-865E-4CD2-A5EA-EAD8ACBE94E4}.Ad-Hoc|iPhoneSimulator.Deploy.0 = Release|Any CPU
		{25EF6407-865E-4CD2-A5EA-EAD8ACBE94E4}.AppStore|Any CPU.ActiveCfg = Release|Any CPU
		{25EF6407-865E-4CD2-A5EA-EAD8ACBE94E4}.AppStore|Any CPU.Build.0 = Release|Any CPU
		{25EF6407-865E-4CD2-A5EA-EAD8ACBE94E4}.AppStore|Any CPU.Deploy.0 = Release|Any CPU
		{25EF6407-865E-4CD2-A5EA-EAD8ACBE94E4}.AppStore|iPhone.ActiveCfg = Release|Any CPU
		{25EF6407-865E-4CD2-A5EA-EAD8ACBE94E4}.AppStore|iPhone.Build.0 = Release|Any CPU
		{25EF6407-865E-4CD2-A5EA-EAD8ACBE94E4}.AppStore|iPhone.Deploy.0 = Release|Any CPU
		{25EF6407-865E-4CD2-A5EA-EAD8ACBE94E4}.AppStore|iPhoneSimulator.ActiveCfg = Release|Any CPU
		{25EF6407-865E-4CD2-A5EA-EAD8ACBE94E4}.AppStore|iPhoneSimulator.Build.0 = Release|Any CPU
		{25EF6407-865E-4CD2-A5EA-EAD8ACBE94E4}.AppStore|iPhoneSimulator.Deploy.0 = Release|Any CPU
		{25EF6407-865E-4CD2-A5EA-EAD8ACBE94E4}.Debug|Any CPU.ActiveCfg = Debug|Any CPU
		{25EF6407-865E-4CD2-A5EA-EAD8ACBE94E4}.Debug|Any CPU.Build.0 = Debug|Any CPU
		{25EF6407-865E-4CD2-A5EA-EAD8ACBE94E4}.Debug|Any CPU.Deploy.0 = Debug|Any CPU
		{25EF6407-865E-4CD2-A5EA-EAD8ACBE94E4}.Debug|iPhone.ActiveCfg = Debug|Any CPU
		{25EF6407-865E-4CD2-A5EA-EAD8ACBE94E4}.Debug|iPhone.Build.0 = Debug|Any CPU
		{25EF6407-865E-4CD2-A5EA-EAD8ACBE94E4}.Debug|iPhone.Deploy.0 = Debug|Any CPU
		{25EF6407-865E-4CD2-A5EA-EAD8ACBE94E4}.Debug|iPhoneSimulator.ActiveCfg = Debug|Any CPU
		{25EF6407-865E-4CD2-A5EA-EAD8ACBE94E4}.Debug|iPhoneSimulator.Build.0 = Debug|Any CPU
		{25EF6407-865E-4CD2-A5EA-EAD8ACBE94E4}.Debug|iPhoneSimulator.Deploy.0 = Debug|Any CPU
		{25EF6407-865E-4CD2-A5EA-EAD8ACBE94E4}.Release|Any CPU.ActiveCfg = Release|Any CPU
		{25EF6407-865E-4CD2-A5EA-EAD8ACBE94E4}.Release|Any CPU.Build.0 = Release|Any CPU
		{25EF6407-865E-4CD2-A5EA-EAD8ACBE94E4}.Release|Any CPU.Deploy.0 = Release|Any CPU
		{25EF6407-865E-4CD2-A5EA-EAD8ACBE94E4}.Release|iPhone.ActiveCfg = Release|Any CPU
		{25EF6407-865E-4CD2-A5EA-EAD8ACBE94E4}.Release|iPhone.Build.0 = Release|Any CPU
		{25EF6407-865E-4CD2-A5EA-EAD8ACBE94E4}.Release|iPhone.Deploy.0 = Release|Any CPU
		{25EF6407-865E-4CD2-A5EA-EAD8ACBE94E4}.Release|iPhoneSimulator.ActiveCfg = Release|Any CPU
		{25EF6407-865E-4CD2-A5EA-EAD8ACBE94E4}.Release|iPhoneSimulator.Build.0 = Release|Any CPU
		{25EF6407-865E-4CD2-A5EA-EAD8ACBE94E4}.Release|iPhoneSimulator.Deploy.0 = Release|Any CPU
		{3F462284-EA05-4720-A5CC-88B94C2D221F}.Ad-Hoc|Any CPU.ActiveCfg = Ad-Hoc|iPhone
		{3F462284-EA05-4720-A5CC-88B94C2D221F}.Ad-Hoc|Any CPU.Build.0 = Ad-Hoc|iPhone
		{3F462284-EA05-4720-A5CC-88B94C2D221F}.Ad-Hoc|Any CPU.Deploy.0 = Ad-Hoc|iPhone
		{3F462284-EA05-4720-A5CC-88B94C2D221F}.Ad-Hoc|iPhone.ActiveCfg = Ad-Hoc|iPhone
		{3F462284-EA05-4720-A5CC-88B94C2D221F}.Ad-Hoc|iPhone.Build.0 = Ad-Hoc|iPhone
		{3F462284-EA05-4720-A5CC-88B94C2D221F}.Ad-Hoc|iPhone.Deploy.0 = Ad-Hoc|iPhone
		{3F462284-EA05-4720-A5CC-88B94C2D221F}.Ad-Hoc|iPhoneSimulator.ActiveCfg = Ad-Hoc|iPhoneSimulator
		{3F462284-EA05-4720-A5CC-88B94C2D221F}.Ad-Hoc|iPhoneSimulator.Build.0 = Ad-Hoc|iPhoneSimulator
		{3F462284-EA05-4720-A5CC-88B94C2D221F}.Ad-Hoc|iPhoneSimulator.Deploy.0 = Ad-Hoc|iPhoneSimulator
		{3F462284-EA05-4720-A5CC-88B94C2D221F}.AppStore|Any CPU.ActiveCfg = AppStore|iPhone
		{3F462284-EA05-4720-A5CC-88B94C2D221F}.AppStore|Any CPU.Build.0 = AppStore|iPhone
		{3F462284-EA05-4720-A5CC-88B94C2D221F}.AppStore|Any CPU.Deploy.0 = AppStore|iPhone
		{3F462284-EA05-4720-A5CC-88B94C2D221F}.AppStore|iPhone.ActiveCfg = AppStore|iPhone
		{3F462284-EA05-4720-A5CC-88B94C2D221F}.AppStore|iPhone.Build.0 = AppStore|iPhone
		{3F462284-EA05-4720-A5CC-88B94C2D221F}.AppStore|iPhone.Deploy.0 = AppStore|iPhone
		{3F462284-EA05-4720-A5CC-88B94C2D221F}.AppStore|iPhoneSimulator.ActiveCfg = AppStore|iPhoneSimulator
		{3F462284-EA05-4720-A5CC-88B94C2D221F}.AppStore|iPhoneSimulator.Build.0 = AppStore|iPhoneSimulator
		{3F462284-EA05-4720-A5CC-88B94C2D221F}.AppStore|iPhoneSimulator.Deploy.0 = AppStore|iPhoneSimulator
		{3F462284-EA05-4720-A5CC-88B94C2D221F}.Debug|Any CPU.ActiveCfg = Debug|iPhoneSimulator
		{3F462284-EA05-4720-A5CC-88B94C2D221F}.Debug|Any CPU.Build.0 = Debug|iPhoneSimulator
		{3F462284-EA05-4720-A5CC-88B94C2D221F}.Debug|Any CPU.Deploy.0 = Debug|iPhoneSimulator
		{3F462284-EA05-4720-A5CC-88B94C2D221F}.Debug|iPhone.ActiveCfg = Debug|iPhone
		{3F462284-EA05-4720-A5CC-88B94C2D221F}.Debug|iPhone.Build.0 = Debug|iPhone
		{3F462284-EA05-4720-A5CC-88B94C2D221F}.Debug|iPhone.Deploy.0 = Debug|iPhone
		{3F462284-EA05-4720-A5CC-88B94C2D221F}.Debug|iPhoneSimulator.ActiveCfg = Debug|iPhoneSimulator
		{3F462284-EA05-4720-A5CC-88B94C2D221F}.Debug|iPhoneSimulator.Build.0 = Debug|iPhoneSimulator
		{3F462284-EA05-4720-A5CC-88B94C2D221F}.Debug|iPhoneSimulator.Deploy.0 = Debug|iPhoneSimulator
		{3F462284-EA05-4720-A5CC-88B94C2D221F}.Release|Any CPU.ActiveCfg = Release|iPhone
		{3F462284-EA05-4720-A5CC-88B94C2D221F}.Release|Any CPU.Build.0 = Release|iPhone
		{3F462284-EA05-4720-A5CC-88B94C2D221F}.Release|Any CPU.Deploy.0 = Release|iPhone
		{3F462284-EA05-4720-A5CC-88B94C2D221F}.Release|iPhone.ActiveCfg = Release|iPhone
		{3F462284-EA05-4720-A5CC-88B94C2D221F}.Release|iPhone.Build.0 = Release|iPhone
		{3F462284-EA05-4720-A5CC-88B94C2D221F}.Release|iPhone.Deploy.0 = Release|iPhone
		{3F462284-EA05-4720-A5CC-88B94C2D221F}.Release|iPhoneSimulator.ActiveCfg = Release|iPhoneSimulator
		{3F462284-EA05-4720-A5CC-88B94C2D221F}.Release|iPhoneSimulator.Build.0 = Release|iPhoneSimulator
		{3F462284-EA05-4720-A5CC-88B94C2D221F}.Release|iPhoneSimulator.Deploy.0 = Release|iPhoneSimulator
		{2A15C026-5515-46DA-A3D2-B8C3CC64ED99}.Ad-Hoc|Any CPU.ActiveCfg = Debug|Any CPU
		{2A15C026-5515-46DA-A3D2-B8C3CC64ED99}.Ad-Hoc|Any CPU.Build.0 = Debug|Any CPU
		{2A15C026-5515-46DA-A3D2-B8C3CC64ED99}.Ad-Hoc|Any CPU.Deploy.0 = Debug|Any CPU
		{2A15C026-5515-46DA-A3D2-B8C3CC64ED99}.Ad-Hoc|iPhone.ActiveCfg = Debug|Any CPU
		{2A15C026-5515-46DA-A3D2-B8C3CC64ED99}.Ad-Hoc|iPhone.Build.0 = Debug|Any CPU
		{2A15C026-5515-46DA-A3D2-B8C3CC64ED99}.Ad-Hoc|iPhone.Deploy.0 = Debug|Any CPU
		{2A15C026-5515-46DA-A3D2-B8C3CC64ED99}.Ad-Hoc|iPhoneSimulator.ActiveCfg = Debug|Any CPU
		{2A15C026-5515-46DA-A3D2-B8C3CC64ED99}.Ad-Hoc|iPhoneSimulator.Build.0 = Debug|Any CPU
		{2A15C026-5515-46DA-A3D2-B8C3CC64ED99}.Ad-Hoc|iPhoneSimulator.Deploy.0 = Debug|Any CPU
		{2A15C026-5515-46DA-A3D2-B8C3CC64ED99}.AppStore|Any CPU.ActiveCfg = Debug|Any CPU
		{2A15C026-5515-46DA-A3D2-B8C3CC64ED99}.AppStore|Any CPU.Build.0 = Debug|Any CPU
		{2A15C026-5515-46DA-A3D2-B8C3CC64ED99}.AppStore|Any CPU.Deploy.0 = Debug|Any CPU
		{2A15C026-5515-46DA-A3D2-B8C3CC64ED99}.AppStore|iPhone.ActiveCfg = Debug|Any CPU
		{2A15C026-5515-46DA-A3D2-B8C3CC64ED99}.AppStore|iPhone.Build.0 = Debug|Any CPU
		{2A15C026-5515-46DA-A3D2-B8C3CC64ED99}.AppStore|iPhone.Deploy.0 = Debug|Any CPU
		{2A15C026-5515-46DA-A3D2-B8C3CC64ED99}.AppStore|iPhoneSimulator.ActiveCfg = Debug|Any CPU
		{2A15C026-5515-46DA-A3D2-B8C3CC64ED99}.AppStore|iPhoneSimulator.Build.0 = Debug|Any CPU
		{2A15C026-5515-46DA-A3D2-B8C3CC64ED99}.AppStore|iPhoneSimulator.Deploy.0 = Debug|Any CPU
		{2A15C026-5515-46DA-A3D2-B8C3CC64ED99}.Debug|Any CPU.ActiveCfg = Debug|Any CPU
		{2A15C026-5515-46DA-A3D2-B8C3CC64ED99}.Debug|Any CPU.Build.0 = Debug|Any CPU
		{2A15C026-5515-46DA-A3D2-B8C3CC64ED99}.Debug|Any CPU.Deploy.0 = Debug|Any CPU
		{2A15C026-5515-46DA-A3D2-B8C3CC64ED99}.Debug|iPhone.ActiveCfg = Debug|Any CPU
		{2A15C026-5515-46DA-A3D2-B8C3CC64ED99}.Debug|iPhone.Build.0 = Debug|Any CPU
		{2A15C026-5515-46DA-A3D2-B8C3CC64ED99}.Debug|iPhone.Deploy.0 = Debug|Any CPU
		{2A15C026-5515-46DA-A3D2-B8C3CC64ED99}.Debug|iPhoneSimulator.ActiveCfg = Debug|Any CPU
		{2A15C026-5515-46DA-A3D2-B8C3CC64ED99}.Debug|iPhoneSimulator.Build.0 = Debug|Any CPU
		{2A15C026-5515-46DA-A3D2-B8C3CC64ED99}.Debug|iPhoneSimulator.Deploy.0 = Debug|Any CPU
		{2A15C026-5515-46DA-A3D2-B8C3CC64ED99}.Release|Any CPU.ActiveCfg = Release|Any CPU
		{2A15C026-5515-46DA-A3D2-B8C3CC64ED99}.Release|Any CPU.Build.0 = Release|Any CPU
		{2A15C026-5515-46DA-A3D2-B8C3CC64ED99}.Release|Any CPU.Deploy.0 = Release|Any CPU
		{2A15C026-5515-46DA-A3D2-B8C3CC64ED99}.Release|iPhone.ActiveCfg = Release|Any CPU
		{2A15C026-5515-46DA-A3D2-B8C3CC64ED99}.Release|iPhone.Build.0 = Release|Any CPU
		{2A15C026-5515-46DA-A3D2-B8C3CC64ED99}.Release|iPhone.Deploy.0 = Release|Any CPU
		{2A15C026-5515-46DA-A3D2-B8C3CC64ED99}.Release|iPhoneSimulator.ActiveCfg = Release|Any CPU
		{2A15C026-5515-46DA-A3D2-B8C3CC64ED99}.Release|iPhoneSimulator.Build.0 = Release|Any CPU
		{2A15C026-5515-46DA-A3D2-B8C3CC64ED99}.Release|iPhoneSimulator.Deploy.0 = Release|Any CPU
		{B54C6235-BF53-4FB8-A4F9-3C051BA2D8DF}.Ad-Hoc|Any CPU.ActiveCfg = Release|Any CPU
		{B54C6235-BF53-4FB8-A4F9-3C051BA2D8DF}.Ad-Hoc|Any CPU.Build.0 = Release|Any CPU
		{B54C6235-BF53-4FB8-A4F9-3C051BA2D8DF}.Ad-Hoc|iPhone.ActiveCfg = Release|Any CPU
		{B54C6235-BF53-4FB8-A4F9-3C051BA2D8DF}.Ad-Hoc|iPhone.Build.0 = Release|Any CPU
		{B54C6235-BF53-4FB8-A4F9-3C051BA2D8DF}.Ad-Hoc|iPhoneSimulator.ActiveCfg = Release|Any CPU
		{B54C6235-BF53-4FB8-A4F9-3C051BA2D8DF}.Ad-Hoc|iPhoneSimulator.Build.0 = Release|Any CPU
		{B54C6235-BF53-4FB8-A4F9-3C051BA2D8DF}.AppStore|Any CPU.ActiveCfg = Release|Any CPU
		{B54C6235-BF53-4FB8-A4F9-3C051BA2D8DF}.AppStore|Any CPU.Build.0 = Release|Any CPU
		{B54C6235-BF53-4FB8-A4F9-3C051BA2D8DF}.AppStore|iPhone.ActiveCfg = Release|Any CPU
		{B54C6235-BF53-4FB8-A4F9-3C051BA2D8DF}.AppStore|iPhone.Build.0 = Release|Any CPU
		{B54C6235-BF53-4FB8-A4F9-3C051BA2D8DF}.AppStore|iPhoneSimulator.ActiveCfg = Release|Any CPU
		{B54C6235-BF53-4FB8-A4F9-3C051BA2D8DF}.AppStore|iPhoneSimulator.Build.0 = Release|Any CPU
		{B54C6235-BF53-4FB8-A4F9-3C051BA2D8DF}.Debug|Any CPU.ActiveCfg = Debug|Any CPU
		{B54C6235-BF53-4FB8-A4F9-3C051BA2D8DF}.Debug|Any CPU.Build.0 = Debug|Any CPU
		{B54C6235-BF53-4FB8-A4F9-3C051BA2D8DF}.Debug|iPhone.ActiveCfg = Debug|Any CPU
		{B54C6235-BF53-4FB8-A4F9-3C051BA2D8DF}.Debug|iPhone.Build.0 = Debug|Any CPU
		{B54C6235-BF53-4FB8-A4F9-3C051BA2D8DF}.Debug|iPhoneSimulator.ActiveCfg = Debug|Any CPU
		{B54C6235-BF53-4FB8-A4F9-3C051BA2D8DF}.Debug|iPhoneSimulator.Build.0 = Debug|Any CPU
		{B54C6235-BF53-4FB8-A4F9-3C051BA2D8DF}.Release|Any CPU.ActiveCfg = Release|Any CPU
		{B54C6235-BF53-4FB8-A4F9-3C051BA2D8DF}.Release|Any CPU.Build.0 = Release|Any CPU
		{B54C6235-BF53-4FB8-A4F9-3C051BA2D8DF}.Release|iPhone.ActiveCfg = Release|Any CPU
		{B54C6235-BF53-4FB8-A4F9-3C051BA2D8DF}.Release|iPhone.Build.0 = Release|Any CPU
		{B54C6235-BF53-4FB8-A4F9-3C051BA2D8DF}.Release|iPhoneSimulator.ActiveCfg = Release|Any CPU
		{B54C6235-BF53-4FB8-A4F9-3C051BA2D8DF}.Release|iPhoneSimulator.Build.0 = Release|Any CPU
	EndGlobalSection
	GlobalSection(SolutionProperties) = preSolution
		HideSolutionNode = FALSE
	EndGlobalSection
	GlobalSection(ExtensibilityGlobals) = postSolution
		SolutionGuid = {E0EF58CA-1F4B-4611-8052-D0304190987B}
	EndGlobalSection
EndGlobal
